PODS:
  - Nimble (9.0.0)
  - Quick (3.0.0)
  - RxCocoa (5.0.0):
    - RxRelay (~> 5)
    - RxSwift (~> 5)
  - RxRelay (5.0.0):
    - RxSwift (~> 5)
  - RxSwift (5.0.0)
  - SpecLeaks (0.1.9):
    - Nimble

DEPENDENCIES:
  - Nimble
  - Quick
  - RxCocoa
  - RxSwift
  - SpecLeaks (from `../`)

SPEC REPOS:
  https://github.com/CocoaPods/Specs.git:
    - RxCocoa
    - RxRelay
    - RxSwift
  trunk:
    - Nimble
    - Quick

EXTERNAL SOURCES:
  SpecLeaks:
    :path: "../"

SPEC CHECKSUMS:
  Nimble: 3b4ec3fd40f1dc178058e0981107721c615643d8
  Quick: 6d9559f40647bc4d510103842ef2fdd882d753e2
  RxCocoa: fcf32050ac00d801f34a7f71d5e8e7f23026dcd8
  RxRelay: 4f7409406a51a55cd88483f21ed898c234d60f18
  RxSwift: 8b0671caa829a763bbce7271095859121cbd895f
  SpecLeaks: 71bf90d35bb6cc0cb48187876b41bb38f014b035

PODFILE CHECKSUM: e77a8a079dafceb226f5551c2a283c8f35b87f6a

COCOAPODS: 1.9.3
